// !$*UTF8*$!
{
	archiveVersion = 1;
	classes = {
	};
	objectVersion = 50;
	objects = {

/* Begin PBXBuildFile section */
		B60F123A2136FFB2004BC0A7 /* LeagueVC.swift in Sources */ = {isa = PBXBuildFile; fileRef = B60F12392136FFB2004BC0A7 /* LeagueVC.swift */; };
		B60F123C2136FFC1004BC0A7 /* SkillVC.swift in Sources */ = {isa = PBXBuildFile; fileRef = B60F123B2136FFC1004BC0A7 /* SkillVC.swift */; };
		B6994D1B21208AB8007648B3 /* AppDelegate.swift in Sources */ = {isa = PBXBuildFile; fileRef = B6994D1A21208AB8007648B3 /* AppDelegate.swift */; };
		B6994D1D21208AB8007648B3 /* WelcomeVC.swift in Sources */ = {isa = PBXBuildFile; fileRef = B6994D1C21208AB8007648B3 /* WelcomeVC.swift */; };
		B6994D2021208AB8007648B3 /* Main.storyboard in Resources */ = {isa = PBXBuildFile; fileRef = B6994D1E21208AB8007648B3 /* Main.storyboard */; };
		B6994D2221208AB9007648B3 /* Assets.xcassets in Resources */ = {isa = PBXBuildFile; fileRef = B6994D2121208AB9007648B3 /* Assets.xcassets */; };
		B6994D2521208AB9007648B3 /* LaunchScreen.storyboard in Resources */ = {isa = PBXBuildFile; fileRef = B6994D2321208AB9007648B3 /* LaunchScreen.storyboard */; };
		B6994D2E212279B8007648B3 /* BorderButton.swift in Sources */ = {isa = PBXBuildFile; fileRef = B6994D2D212279B8007648B3 /* BorderButton.swift */; };
/* End PBXBuildFile section */

/* Begin PBXFileReference section */
		B60F12392136FFB2004BC0A7 /* LeagueVC.swift */ = {isa = PBXFileReference; lastKnownFileType = sourcecode.swift; path = LeagueVC.swift; sourceTree = "<group>"; };
		B60F123B2136FFC1004BC0A7 /* SkillVC.swift */ = {isa = PBXFileReference; lastKnownFileType = sourcecode.swift; path = SkillVC.swift; sourceTree = "<group>"; };
		B6994D1721208AB8007648B3 /* Swosh.app */ = {isa = PBXFileReference; explicitFileType = wrapper.application; includeInIndex = 0; path = Swosh.app; sourceTree = BUILT_PRODUCTS_DIR; };
		B6994D1A21208AB8007648B3 /* AppDelegate.swift */ = {isa = PBXFileReference; lastKnownFileType = sourcecode.swift; path = AppDelegate.swift; sourceTree = "<group>"; };
		B6994D1C21208AB8007648B3 /* WelcomeVC.swift */ = {isa = PBXFileReference; lastKnownFileType = sourcecode.swift; path = WelcomeVC.swift; sourceTree = "<group>"; };
		B6994D1F21208AB8007648B3 /* Base */ = {isa = PBXFileReference; lastKnownFileType = file.storyboard; name = Base; path = Base.lproj/Main.storyboard; sourceTree = "<group>"; };
		B6994D2121208AB9007648B3 /* Assets.xcassets */ = {isa = PBXFileReference; lastKnownFileType = folder.assetcatalog; path = Assets.xcassets; sourceTree = "<group>"; };
		B6994D2421208AB9007648B3 /* Base */ = {isa = PBXFileReference; lastKnownFileType = file.storyboard; name = Base; path = Base.lproj/LaunchScreen.storyboard; sourceTree = "<group>"; };
		B6994D2621208AB9007648B3 /* Info.plist */ = {isa = PBXFileReference; lastKnownFileType = text.plist.xml; path = Info.plist; sourceTree = "<group>"; };
		B6994D2D212279B8007648B3 /* BorderButton.swift */ = {isa = PBXFileReference; lastKnownFileType = sourcecode.swift; path = BorderButton.swift; sourceTree = "<group>"; };
/* End PBXFileReference section */

/* Begin PBXFrameworksBuildPhase section */
		B6994D1421208AB8007648B3 /* Frameworks */ = {
			isa = PBXFrameworksBuildPhase;
			buildActionMask = 2147483647;
			files = (
			);
			runOnlyForDeploymentPostprocessing = 0;
		};
/* End PBXFrameworksBuildPhase section */

/* Begin PBXGroup section */
		B60F12372136FEFB004BC0A7 /* Controller */ = {
			isa = PBXGroup;
			children = (
				B6994D1C21208AB8007648B3 /* WelcomeVC.swift */,
				B60F12392136FFB2004BC0A7 /* LeagueVC.swift */,
				B60F123B2136FFC1004BC0A7 /* SkillVC.swift */,
			);
			path = Controller;
			sourceTree = "<group>";
		};
		B60F12382136FF04004BC0A7 /* Model */ = {
			isa = PBXGroup;
			children = (
			);
			path = Model;
			sourceTree = "<group>";
		};
		B6994D0E21208AB8007648B3 = {
			isa = PBXGroup;
			children = (
				B6994D1921208AB8007648B3 /* Swosh */,
				B6994D1821208AB8007648B3 /* Products */,
			);
			sourceTree = "<group>";
		};
		B6994D1821208AB8007648B3 /* Products */ = {
			isa = PBXGroup;
			children = (
				B6994D1721208AB8007648B3 /* Swosh.app */,
			);
			name = Products;
			sourceTree = "<group>";
		};
		B6994D1921208AB8007648B3 /* Swosh */ = {
			isa = PBXGroup;
			children = (
				B60F12382136FF04004BC0A7 /* Model */,
				B60F12372136FEFB004BC0A7 /* Controller */,
				B6994D2C21227962007648B3 /* View */,
				B6994D1A21208AB8007648B3 /* AppDelegate.swift */,
				B6994D1E21208AB8007648B3 /* Main.storyboard */,
				B6994D2121208AB9007648B3 /* Assets.xcassets */,
				B6994D2321208AB9007648B3 /* LaunchScreen.storyboard */,
				B6994D2621208AB9007648B3 /* Info.plist */,
			);
			path = Swosh;
			sourceTree = "<group>";
		};
		B6994D2C21227962007648B3 /* View */ = {
			isa = PBXGroup;
			children = (
				B6994D2D212279B8007648B3 /* BorderButton.swift */,
			);
			path = View;
			sourceTree = "<group>";
		};
/* End PBXGroup section */

/* Begin PBXNativeTarget section */
		B6994D1621208AB8007648B3 /* Swosh */ = {
			isa = PBXNativeTarget;
			buildConfigurationList = B6994D2921208AB9007648B3 /* Build configuration list for PBXNativeTarget "Swosh" */;
			buildPhases = (
				B6994D1321208AB8007648B3 /* Sources */,
				B6994D1421208AB8007648B3 /* Frameworks */,
				B6994D1521208AB8007648B3 /* Resources */,
			);
			buildRules = (
			);
			dependencies = (
			);
			name = Swosh;
			productName = Swosh;
			productReference = B6994D1721208AB8007648B3 /* Swosh.app */;
			productType = "com.apple.product-type.application";
		};
/* End PBXNativeTarget section */

/* Begin PBXProject section */
		B6994D0F21208AB8007648B3 /* Project object */ = {
			isa = PBXProject;
			attributes = {
				LastSwiftUpdateCheck = 1000;
				LastUpgradeCheck = 1000;
				ORGANIZATIONNAME = "Noah Eaton";
				TargetAttributes = {
					B6994D1621208AB8007648B3 = {
						CreatedOnToolsVersion = 10.0;
					};
				};
			};
			buildConfigurationList = B6994D1221208AB8007648B3 /* Build configuration list for PBXProject "Swosh" */;
			compatibilityVersion = "Xcode 9.3";
			developmentRegion = en;
			hasScannedForEncodings = 0;
			knownRegions = (
				en,
				Base,
			);
			mainGroup = B6994D0E21208AB8007648B3;
			productRefGroup = B6994D1821208AB8007648B3 /* Products */;
			projectDirPath = "";
			projectRoot = "";
			targets = (
				B6994D1621208AB8007648B3 /* Swosh */,
			);
		};
/* End PBXProject section */

/* Begin PBXResourcesBuildPhase section */
		B6994D1521208AB8007648B3 /* Resources */ = {
			isa = PBXResourcesBuildPhase;
			buildActionMask = 2147483647;
			files = (
				B6994D2521208AB9007648B3 /* LaunchScreen.storyboard in Resources */,
				B6994D2221208AB9007648B3 /* Assets.xcassets in Resources */,
				B6994D2021208AB8007648B3 /* Main.storyboard in Resources */,
			);
			runOnlyForDeploymentPostprocessing = 0;
		};
/* End PBXResourcesBuildPhase section */

/* Begin PBXSourcesBuildPhase section */
		B6994D1321208AB8007648B3 /* Sources */ = {
			isa = PBXSourcesBuildPhase;
			buildActionMask = 2147483647;
			files = (
				B6994D1D21208AB8007648B3 /* WelcomeVC.swift in Sources */,
				B60F123A2136FFB2004BC0A7 /* LeagueVC.swift in Sources */,
				B6994D1B21208AB8007648B3 /* AppDelegate.swift in Sources */,
				B60F123C2136FFC1004BC0A7 /* SkillVC.swift in Sources */,
				B6994D2E212279B8007648B3 /* BorderButton.swift in Sources */,
			);
			runOnlyForDeploymentPostprocessing = 0;
		};
/* End PBXSourcesBuildPhase section */

/* Begin PBXVariantGroup section */
		B6994D1E21208AB8007648B3 /* Main.storyboard */ = {
			isa = PBXVariantGroup;
			children = (
				B6994D1F21208AB8007648B3 /* Base */,
			);
			name = Main.storyboard;
			sourceTree = "<group>";
		};
		B6994D2321208AB9007648B3 /* LaunchScreen.storyboard */ = {
			isa = PBXVariantGroup;
			children = (
				B6994D2421208AB9007648B3 /* Base */,
			);
			name = LaunchScreen.storyboard;
			sourceTree = "<group>";
		};
/* End PBXVariantGroup section */

/* Begin XCBuildConfiguration section */
		B6994D2721208AB9007648B3 /* Debug */ = {
			isa = XCBuildConfiguration;
			buildSettings = {
				ALWAYS_SEARCH_USER_PATHS = NO;
				CLANG_ANALYZER_NONNULL = YES;
				CLANG_ANALYZER_NUMBER_OBJECT_CONVERSION = YES_AGGRESSIVE;
				CLANG_CXX_LANGUAGE_STANDARD = "gnu++14";
				CLANG_CXX_LIBRARY = "libc++";
				CLANG_ENABLE_MODULES = YES;
				CLANG_ENABLE_OBJC_ARC = YES;
				CLANG_ENABLE_OBJC_WEAK = YES;
				CLANG_WARN_BLOCK_CAPTURE_AUTORELEASING = YES;
				CLANG_WARN_BOOL_CONVERSION = YES;
				CLANG_WARN_COMMA = YES;
				CLANG_WARN_CONSTANT_CONVERSION = YES;
				CLANG_WARN_DEPRECATED_OBJC_IMPLEMENTATIONS = YES;
				CLANG_WARN_DIRECT_OBJC_ISA_USAGE = YES_ERROR;
				CLANG_WARN_DOCUMENTATION_COMMENTS = YES;
				CLANG_WARN_EMPTY_BODY = YES;
				CLANG_WARN_ENUM_CONVERSION = YES;
				CLANG_WARN_INFINITE_RECURSION = YES;
				CLANG_WARN_INT_CONVERSION = YES;
				CLANG_WARN_NON_LITERAL_NULL_CONVERSION = YES;
				CLANG_WARN_OBJC_IMPLICIT_RETAIN_SELF = YES;
				CLANG_WARN_OBJC_LITERAL_CONVERSION = YES;
				CLANG_WARN_OBJC_ROOT_CLASS = YES_ERROR;
				CLANG_WARN_RANGE_LOOP_ANALYSIS = YES;
				CLANG_WARN_STRICT_PROTOTYPES = YES;
				CLANG_WARN_SUSPICIOUS_MOVE = YES;
				CLANG_WARN_UNGUARDED_AVAILABILITY = YES_AGGRESSIVE;
				CLANG_WARN_UNREACHABLE_CODE = YES;
				CLANG_WARN__DUPLICATE_METHOD_MATCH = YES;
				CODE_SIGN_IDENTITY = "iPhone Developer";
				COPY_PHASE_STRIP = NO;
				DEBUG_INFORMATION_FORMAT = dwarf;
				ENABLE_STRICT_OBJC_MSGSEND = YES;
				ENABLE_TESTABILITY = YES;
				GCC_C_LANGUAGE_STANDARD = gnu11;
				GCC_DYNAMIC_NO_PIC = NO;
				GCC_NO_COMMON_BLOCKS = YES;
				GCC_OPTIMIZATION_LEVEL = 0;
				GCC_PREPROCESSOR_DEFINITIONS = (
					"DEBUG=1",
					"$(inherited)",
				);
				GCC_WARN_64_TO_32_BIT_CONVERSION = YES;
				GCC_WARN_ABOUT_RETURN_TYPE = YES_ERROR;
				GCC_WARN_UNDECLARED_SELECTOR = YES;
				GCC_WARN_UNINITIALIZED_AUTOS = YES_AGGRESSIVE;
				GCC_WARN_UNUSED_FUNCTION = YES;
				GCC_WARN_UNUSED_VARIABLE = YES;
				IPHONEOS_DEPLOYMENT_TARGET = 12.0;
				MTL_ENABLE_DEBUG_INFO = INCLUDE_SOURCE;
				MTL_FAST_MATH = YES;
				ONLY_ACTIVE_ARCH = YES;
				SDKROOT = iphoneos;
				SWIFT_ACTIVE_COMPILATION_CONDITIONS = DEBUG;
				SWIFT_OPTIMIZATION_LEVEL = "-Onone";
			};
			name = Debug;
		};
		B6994D2821208AB9007648B3 /* Release */ = {
			isa = XCBuildConfiguration;
			buildSettings = {
				ALWAYS_SEARCH_USER_PATHS = NO;
				CLANG_ANALYZER_NONNULL = YES;
				CLANG_ANALYZER_NUMBER_OBJECT_CONVERSION = YES_AGGRESSIVE;
				CLANG_CXX_LANGUAGE_STANDARD = "gnu++14";
				CLANG_CXX_LIBRARY = "libc++";
				CLANG_ENABLE_MODULES = YES;
				CLANG_ENABLE_OBJC_ARC = YES;
				CLANG_ENABLE_OBJC_WEAK = YES;
				CLANG_WARN_BLOCK_CAPTURE_AUTORELEASING = YES;
				CLANG_WARN_BOOL_CONVERSION = YES;
				CLANG_WARN_COMMA = YES;
				CLANG_WARN_CONSTANT_CONVERSION = YES;
				CLANG_WARN_DEPRECATED_OBJC_IMPLEMENTATIONS = YES;
				CLANG_WARN_DIRECT_OBJC_ISA_USAGE = YES_ERROR;
				CLANG_WARN_DOCUMENTATION_COMMENTS = YES;
				CLANG_WARN_EMPTY_BODY = YES;
				CLANG_WARN_ENUM_CONVERSION = YES;
				CLANG_WARN_INFINITE_RECURSION = YES;
				CLANG_WARN_INT_CONVERSION = YES;
				CLANG_WARN_NON_LITERAL_NULL_CONVERSION = YES;
				CLANG_WARN_OBJC_IMPLICIT_RETAIN_SELF = YES;
				CLANG_WARN_OBJC_LITERAL_CONVERSION = YES;
				CLANG_WARN_OBJC_ROOT_CLASS = YES_ERROR;
				CLANG_WARN_RANGE_LOOP_ANALYSIS = YES;
				CLANG_WARN_STRICT_PROTOTYPES = YES;
				CLANG_WARN_SUSPICIOUS_MOVE = YES;
				CLANG_WARN_UNGUARDED_AVAILABILITY = YES_AGGRESSIVE;
				CLANG_WARN_UNREACHABLE_CODE = YES;
				CLANG_WARN__DUPLICATE_METHOD_MATCH = YES;
				CODE_SIGN_IDENTITY = "iPhone Developer";
				COPY_PHASE_STRIP = NO;
				DEBUG_INFORMATION_FORMAT = "dwarf-with-dsym";
				ENABLE_NS_ASSERTIONS = NO;
				ENABLE_STRICT_OBJC_MSGSEND = YES;
				GCC_C_LANGUAGE_STANDARD = gnu11;
				GCC_NO_COMMON_BLOCKS = YES;
				GCC_WARN_64_TO_32_BIT_CONVERSION = YES;
				GCC_WARN_ABOUT_RETURN_TYPE = YES_ERROR;
				GCC_WARN_UNDECLARED_SELECTOR = YES;
				GCC_WARN_UNINITIALIZED_AUTOS = YES_AGGRESSIVE;
				GCC_WARN_UNUSED_FUNCTION = YES;
				GCC_WARN_UNUSED_VARIABLE = YES;
				IPHONEOS_DEPLOYMENT_TARGET = 12.0;
				MTL_ENABLE_DEBUG_INFO = NO;
				MTL_FAST_MATH = YES;
				SDKROOT = iphoneos;
				SWIFT_COMPILATION_MODE = wholemodule;
				SWIFT_OPTIMIZATION_LEVEL = "-O";
				VALIDATE_PRODUCT = YES;
			};
			name = Release;
		};
		B6994D2A21208AB9007648B3 /* Debug */ = {
			isa = XCBuildConfiguration;
			buildSettings = {
				ASSETCATALOG_COMPILER_APPICON_NAME = AppIcon;
				CODE_SIGN_STYLE = Automatic;
				DEVELOPMENT_TEAM = JT4N6DE53W;
				INFOPLIST_FILE = Swosh/Info.plist;
				LD_RUNPATH_SEARCH_PATHS = (
					"$(inherited)",
					"@executable_path/Frameworks",
				);
				PRODUCT_BUNDLE_IDENTIFIER = com.NoahEaton.Swosh;
				PRODUCT_NAME = "$(TARGET_NAME)";
				SWIFT_VERSION = 4.2;
				TARGETED_DEVICE_FAMILY = "1,2";
			};
			name = Debug;
		};
		B6994D2B21208AB9007648B3 /* Release */ = {
			isa = XCBuildConfiguration;
			buildSettings = {
				ASSETCATALOG_COMPILER_APPICON_NAME = AppIcon;
				CODE_SIGN_STYLE = Automatic;
				DEVELOPMENT_TEAM = JT4N6DE53W;
				INFOPLIST_FILE = Swosh/Info.plist;
				LD_RUNPATH_SEARCH_PATHS = (
					"$(inherited)",
					"@executable_path/Frameworks",
				);
				PRODUCT_BUNDLE_IDENTIFIER = com.NoahEaton.Swosh;
				PRODUCT_NAME = "$(TARGET_NAME)";
				SWIFT_VERSION = 4.2;
				TARGETED_DEVICE_FAMILY = "1,2";
			};
			name = Release;
		};
/* End XCBuildConfiguration section */

/* Begin XCConfigurationList section */
		B6994D1221208AB8007648B3 /* Build configuration list for PBXProject "Swosh" */ = {
			isa = XCConfigurationList;
			buildConfigurations = (
				B6994D2721208AB9007648B3 /* Debug */,
				B6994D2821208AB9007648B3 /* Release */,
			);
			defaultConfigurationIsVisible = 0;
			defaultConfigurationName = Release;
		};
		B6994D2921208AB9007648B3 /* Build configuration list for PBXNativeTarget "Swosh" */ = {
			isa = XCConfigurationList;
			buildConfigurations = (
				B6994D2A21208AB9007648B3 /* Debug */,
				B6994D2B21208AB9007648B3 /* Release */,
			);
			defaultConfigurationIsVisible = 0;
			defaultConfigurationName = Release;
		};
/* End XCConfigurationList section */
	};
	rootObject = B6994D0F21208AB8007648B3 /* Project object */;
}
